[[package]]
name = "anyio"
version = "3.6.2"
description = "High level compatibility layer for multiple asynchronous event loop implementations"
category = "main"
optional = false
python-versions = ">=3.6.2"

[package.dependencies]
idna = ">=2.8"
sniffio = ">=1.1"

[package.extras]
doc = ["packaging", "sphinx-autodoc-typehints (>=1.2.0)", "sphinx-rtd-theme"]
test = ["contextlib2", "coverage[toml] (>=4.5)", "hypothesis (>=4.0)", "mock (>=4)", "pytest (>=7.0)", "pytest-mock (>=3.6.1)", "trustme", "uvloop (<0.15)", "uvloop (>=0.15)"]
trio = ["trio (>=0.16,<0.22)"]

[[package]]
name = "fastapi"
version = "0.89.1"
description = "FastAPI framework, high performance, easy to learn, fast to code, ready for production"
category = "main"
optional = false
python-versions = ">=3.7"

[package.dependencies]
pydantic = ">=1.6.2,<1.7 || >1.7,<1.7.1 || >1.7.1,<1.7.2 || >1.7.2,<1.7.3 || >1.7.3,<1.8 || >1.8,<1.8.1 || >1.8.1,<2.0.0"
starlette = "0.22.0"

[package.extras]
all = ["email-validator (>=1.1.1)", "httpx (>=0.23.0)", "itsdangerous (>=1.1.0)", "jinja2 (>=2.11.2)", "orjson (>=3.2.1)", "python-multipart (>=0.0.5)", "pyyaml (>=5.3.1)", "ujson (>=4.0.1,!=4.0.2,!=4.1.0,!=4.2.0,!=4.3.0,!=5.0.0,!=5.1.0)", "uvicorn[standard] (>=0.12.0)"]
dev = ["pre-commit (>=2.17.0,<3.0.0)", "ruff (==0.0.138)", "uvicorn[standard] (>=0.12.0,<0.21.0)"]
doc = ["mdx-include (>=1.4.1,<2.0.0)", "mkdocs (>=1.1.2,<2.0.0)", "mkdocs-markdownextradata-plugin (>=0.1.7,<0.3.0)", "mkdocs-material (>=8.1.4,<9.0.0)", "pyyaml (>=5.3.1,<7.0.0)", "typer[all] (>=0.6.1,<0.8.0)"]
test = ["anyio[trio] (>=3.2.1,<4.0.0)", "black (==22.10.0)", "coverage[toml] (>=6.5.0,<8.0)", "databases[sqlite] (>=0.3.2,<0.7.0)", "email-validator (>=1.1.1,<2.0.0)", "flask (>=1.1.2,<3.0.0)", "httpx (>=0.23.0,<0.24.0)", "isort (>=5.0.6,<6.0.0)", "mypy (==0.982)", "orjson (>=3.2.1,<4.0.0)", "passlib[bcrypt] (>=1.7.2,<2.0.0)", "peewee (>=3.13.3,<4.0.0)", "pytest (>=7.1.3,<8.0.0)", "python-jose[cryptography] (>=3.3.0,<4.0.0)", "python-multipart (>=0.0.5,<0.0.6)", "pyyaml (>=5.3.1,<7.0.0)", "ruff (==0.0.138)", "sqlalchemy (>=1.3.18,<1.4.43)", "types-orjson (==3.6.2)", "types-ujson (==5.6.0.0)", "ujson (>=4.0.1,!=4.0.2,!=4.1.0,!=4.2.0,!=4.3.0,!=5.0.0,!=5.1.0,<6.0.0)"]

[[package]]
name = "idna"
version = "3.4"
description = "Internationalized Domain Names in Applications (IDNA)"
category = "main"
optional = false
python-versions = ">=3.5"

[[package]]
name = "pydantic"
version = "1.10.4"
description = "Data validation and settings management using python type hints"
category = "main"
optional = false
python-versions = ">=3.7"

[package.dependencies]
typing-extensions = ">=4.2.0"

[package.extras]
dotenv = ["python-dotenv (>=0.10.4)"]
email = ["email-validator (>=1.0.3)"]

[[package]]
name = "rtoml"
version = "0.9.0"
description = ""
category = "main"
optional = false
python-versions = ">=3.7"

[[package]]
name = "sniffio"
version = "1.3.0"
description = "Sniff out which async library your code is running under"
category = "main"
optional = false
python-versions = ">=3.7"

[[package]]
name = "starlette"
version = "0.22.0"
description = "The little ASGI library that shines."
category = "main"
optional = false
python-versions = ">=3.7"

[package.dependencies]
anyio = ">=3.4.0,<5"

[package.extras]
full = ["httpx (>=0.22.0)", "itsdangerous", "jinja2", "python-multipart", "pyyaml"]

[[package]]
name = "typing-extensions"
version = "4.4.0"
description = "Backported and Experimental Type Hints for Python 3.7+"
category = "main"
optional = false
python-versions = ">=3.7"

[metadata]
lock-version = "1.1"
python-versions = "^3.10"
content-hash = "36fa4e11915138884b95f07687a955a25f822fa6e9bc67f5c992343bf7f9c404"

[metadata.files]
anyio = [
    {file = "anyio-3.6.2-py3-none-any.whl", hash = "sha256:fbbe32bd270d2a2ef3ed1c5d45041250284e31fc0a4df4a5a6071842051a51e3"},
    {file = "anyio-3.6.2.tar.gz", hash = "sha256:25ea0d673ae30af41a0c442f81cf3b38c7e79fdc7b60335a4c14e05eb0947421"},
]
fastapi = [
    {file = "fastapi-0.89.1-py3-none-any.whl", hash = "sha256:f9773ea22290635b2f48b4275b2bf69a8fa721fda2e38228bed47139839dc877"},
    {file = "fastapi-0.89.1.tar.gz", hash = "sha256:15d9271ee52b572a015ca2ae5c72e1ce4241dd8532a534ad4f7ec70c376a580f"},
]
idna = [
    {file = "idna-3.4-py3-none-any.whl", hash = "sha256:90b77e79eaa3eba6de819a0c442c0b4ceefc341a7a2ab77d7562bf49f425c5c2"},
    {file = "idna-3.4.tar.gz", hash = "sha256:814f528e8dead7d329833b91c5faa87d60bf71824cd12a7530b5526063d02cb4"},
]
pydantic = [
    {file = "pydantic-1.10.4-cp310-cp310-macosx_10_9_x86_64.whl", hash = "sha256:b5635de53e6686fe7a44b5cf25fcc419a0d5e5c1a1efe73d49d48fe7586db854"},
    {file = "pydantic-1.10.4-cp310-cp310-macosx_11_0_arm64.whl", hash = "sha256:6dc1cc241440ed7ca9ab59d9929075445da6b7c94ced281b3dd4cfe6c8cff817"},
    {file = "pydantic-1.10.4-cp310-cp310-manylinux_2_17_x86_64.manylinux2014_x86_64.whl", hash = "sha256:51bdeb10d2db0f288e71d49c9cefa609bca271720ecd0c58009bd7504a0c464c"},
    {file = "pydantic-1.10.4-cp310-cp310-manylinux_2_5_i686.manylinux1_i686.manylinux_2_17_i686.manylinux2014_i686.whl", hash = "sha256:78cec42b95dbb500a1f7120bdf95c401f6abb616bbe8785ef09887306792e66e"},
    {file = "pydantic-1.10.4-cp310-cp310-musllinux_1_1_i686.whl", hash = "sha256:8775d4ef5e7299a2f4699501077a0defdaac5b6c4321173bcb0f3c496fbadf85"},
    {file = "pydantic-1.10.4-cp310-cp310-musllinux_1_1_x86_64.whl", hash = "sha256:572066051eeac73d23f95ba9a71349c42a3e05999d0ee1572b7860235b850cc6"},
    {file = "pydantic-1.10.4-cp310-cp310-win_amd64.whl", hash = "sha256:7feb6a2d401f4d6863050f58325b8d99c1e56f4512d98b11ac64ad1751dc647d"},
    {file = "pydantic-1.10.4-cp311-cp311-macosx_10_9_x86_64.whl", hash = "sha256:39f4a73e5342b25c2959529f07f026ef58147249f9b7431e1ba8414a36761f53"},
    {file = "pydantic-1.10.4-cp311-cp311-macosx_11_0_arm64.whl", hash = "sha256:983e720704431a6573d626b00662eb78a07148c9115129f9b4351091ec95ecc3"},
    {file = "pydantic-1.10.4-cp311-cp311-manylinux_2_17_x86_64.manylinux2014_x86_64.whl", hash = "sha256:75d52162fe6b2b55964fbb0af2ee58e99791a3138588c482572bb6087953113a"},
    {file = "pydantic-1.10.4-cp311-cp311-manylinux_2_5_i686.manylinux1_i686.manylinux_2_17_i686.manylinux2014_i686.whl", hash = "sha256:fdf8d759ef326962b4678d89e275ffc55b7ce59d917d9f72233762061fd04a2d"},
    {file = "pydantic-1.10.4-cp311-cp311-musllinux_1_1_i686.whl", hash = "sha256:05a81b006be15655b2a1bae5faa4280cf7c81d0e09fcb49b342ebf826abe5a72"},
    {file = "pydantic-1.10.4-cp311-cp311-musllinux_1_1_x86_64.whl", hash = "sha256:d88c4c0e5c5dfd05092a4b271282ef0588e5f4aaf345778056fc5259ba098857"},
    {file = "pydantic-1.10.4-cp311-cp311-win_amd64.whl", hash = "sha256:6a05a9db1ef5be0fe63e988f9617ca2551013f55000289c671f71ec16f4985e3"},
    {file = "pydantic-1.10.4-cp37-cp37m-macosx_10_9_x86_64.whl", hash = "sha256:887ca463c3bc47103c123bc06919c86720e80e1214aab79e9b779cda0ff92a00"},
    {file = "pydantic-1.10.4-cp37-cp37m-manylinux_2_17_x86_64.manylinux2014_x86_64.whl", hash = "sha256:fdf88ab63c3ee282c76d652fc86518aacb737ff35796023fae56a65ced1a5978"},
    {file = "pydantic-1.10.4-cp37-cp37m-manylinux_2_5_i686.manylinux1_i686.manylinux_2_17_i686.manylinux2014_i686.whl", hash = "sha256:a48f1953c4a1d9bd0b5167ac50da9a79f6072c63c4cef4cf2a3736994903583e"},
    {file = "pydantic-1.10.4-cp37-cp37m-musllinux_1_1_i686.whl", hash = "sha256:a9f2de23bec87ff306aef658384b02aa7c32389766af3c5dee9ce33e80222dfa"},
    {file = "pydantic-1.10.4-cp37-cp37m-musllinux_1_1_x86_64.whl", hash = "sha256:cd8702c5142afda03dc2b1ee6bc358b62b3735b2cce53fc77b31ca9f728e4bc8"},
    {file = "pydantic-1.10.4-cp37-cp37m-win_amd64.whl", hash = "sha256:6e7124d6855b2780611d9f5e1e145e86667eaa3bd9459192c8dc1a097f5e9903"},
    {file = "pydantic-1.10.4-cp38-cp38-macosx_10_9_x86_64.whl", hash = "sha256:0b53e1d41e97063d51a02821b80538053ee4608b9a181c1005441f1673c55423"},
    {file = "pydantic-1.10.4-cp38-cp38-macosx_11_0_arm64.whl", hash = "sha256:55b1625899acd33229c4352ce0ae54038529b412bd51c4915349b49ca575258f"},
    {file = "pydantic-1.10.4-cp38-cp38-manylinux_2_17_x86_64.manylinux2014_x86_64.whl", hash = "sha256:301d626a59edbe5dfb48fcae245896379a450d04baeed50ef40d8199f2733b06"},
    {file = "pydantic-1.10.4-cp38-cp38-manylinux_2_5_i686.manylinux1_i686.manylinux_2_17_i686.manylinux2014_i686.whl", hash = "sha256:b6f9d649892a6f54a39ed56b8dfd5e08b5f3be5f893da430bed76975f3735d15"},
    {file = "pydantic-1.10.4-cp38-cp38-musllinux_1_1_i686.whl", hash = "sha256:d7b5a3821225f5c43496c324b0d6875fde910a1c2933d726a743ce328fbb2a8c"},
    {file = "pydantic-1.10.4-cp38-cp38-musllinux_1_1_x86_64.whl", hash = "sha256:f2f7eb6273dd12472d7f218e1fef6f7c7c2f00ac2e1ecde4db8824c457300416"},
    {file = "pydantic-1.10.4-cp38-cp38-win_amd64.whl", hash = "sha256:4b05697738e7d2040696b0a66d9f0a10bec0efa1883ca75ee9e55baf511909d6"},
    {file = "pydantic-1.10.4-cp39-cp39-macosx_10_9_x86_64.whl", hash = "sha256:a9a6747cac06c2beb466064dda999a13176b23535e4c496c9d48e6406f92d42d"},
    {file = "pydantic-1.10.4-cp39-cp39-macosx_11_0_arm64.whl", hash = "sha256:eb992a1ef739cc7b543576337bebfc62c0e6567434e522e97291b251a41dad7f"},
    {file = "pydantic-1.10.4-cp39-cp39-manylinux_2_17_x86_64.manylinux2014_x86_64.whl", hash = "sha256:990406d226dea0e8f25f643b370224771878142155b879784ce89f633541a024"},
    {file = "pydantic-1.10.4-cp39-cp39-manylinux_2_5_i686.manylinux1_i686.manylinux_2_17_i686.manylinux2014_i686.whl", hash = "sha256:2e82a6d37a95e0b1b42b82ab340ada3963aea1317fd7f888bb6b9dfbf4fff57c"},
    {file = "pydantic-1.10.4-cp39-cp39-musllinux_1_1_i686.whl", hash = "sha256:9193d4f4ee8feca58bc56c8306bcb820f5c7905fd919e0750acdeeeef0615b28"},
    {file = "pydantic-1.10.4-cp39-cp39-musllinux_1_1_x86_64.whl", hash = "sha256:2b3ce5f16deb45c472dde1a0ee05619298c864a20cded09c4edd820e1454129f"},
    {file = "pydantic-1.10.4-cp39-cp39-win_amd64.whl", hash = "sha256:9cbdc268a62d9a98c56e2452d6c41c0263d64a2009aac69246486f01b4f594c4"},
    {file = "pydantic-1.10.4-py3-none-any.whl", hash = "sha256:4948f264678c703f3877d1c8877c4e3b2e12e549c57795107f08cf70c6ec7774"},
    {file = "pydantic-1.10.4.tar.gz", hash = "sha256:b9a3859f24eb4e097502a3be1fb4b2abb79b6103dd9e2e0edb70613a4459a648"},
]
rtoml = [
    {file = "rtoml-0.9.0-cp310-cp310-macosx_10_7_x86_64.whl", hash = "sha256:b440445df3a5bdd30f70196305c964699fb8c6a23dfe08b9b0a822a8c3a1da00"},
    {file = "rtoml-0.9.0-cp310-cp310-macosx_11_0_arm64.whl", hash = "sha256:4e00c085841c215868b5c3d607ae7076bad4faf6cc00bf9da334c0683b2001a9"},
    {file = "rtoml-0.9.0-cp310-cp310-manylinux_2_17_aarch64.manylinux2014_aarch64.whl", hash = "sha256:d66f145fca240150d54334b1779edbc713a2b2b0547c703a9b441b94f05cec14"},
    {file = "rtoml-0.9.0-cp310-cp310-manylinux_2_17_x86_64.manylinux2014_x86_64.whl", hash = "sha256:38ed7487251aed9f118949d49e0edff2ace2f979ef7d23adf174bcb30983627a"},
    {file = "rtoml-0.9.0-cp310-cp310-manylinux_2_24_armv7l.whl", hash = "sha256:a500481c61b0babb438b1d4c0a295ba60a0c890688431db980e3209d7c093045"},
    {file = "rtoml-0.9.0-cp310-cp310-manylinux_2_5_i686.manylinux1_i686.whl", hash = "sha256:9826a25e7c274fbcfa1518f1e1c99104f10ba553b34be38dcd31b6c9d5207e47"},
    {file = "rtoml-0.9.0-cp310-cp310-musllinux_1_1_aarch64.whl", hash = "sha256:2dff4812186dff9381459d6a962e8dfd909ea8cb03f98ba28aa486b9bf8d72f8"},
    {file = "rtoml-0.9.0-cp310-cp310-musllinux_1_1_x86_64.whl", hash = "sha256:7a6088f6e77817389720ed8852ec2493b4524c96bd25f3aafe217e2a6cb29f7d"},
    {file = "rtoml-0.9.0-cp310-none-win32.whl", hash = "sha256:38362ab6123a28e2f1f88995f286b999fc6f7c27896f402ee293de2a090b305c"},
    {file = "rtoml-0.9.0-cp310-none-win_amd64.whl", hash = "sha256:f920b97df9b33c18d3857dbd4af234e2a7f3372de3cfb4c0d8514e66ffd4dfdb"},
    {file = "rtoml-0.9.0-cp311-cp311-macosx_10_7_x86_64.whl", hash = "sha256:91a25c5ab2a518b5126a52300d1a6ced0e363510e9b6e64cb36b19275083b441"},
    {file = "rtoml-0.9.0-cp311-cp311-macosx_11_0_arm64.whl", hash = "sha256:85d8abf6eb1da262a26f15d97de6ec83960172095e627dadf1ee7a32b70a367b"},
    {file = "rtoml-0.9.0-cp311-cp311-manylinux_2_17_aarch64.manylinux2014_aarch64.whl", hash = "sha256:363d41f1f69d415ced4c6be8c5feb6680c2330406ca2f0ba8ea04318857b8ca3"},
    {file = "rtoml-0.9.0-cp311-cp311-manylinux_2_17_x86_64.manylinux2014_x86_64.whl", hash = "sha256:e31bec5a3d7b56966130ba2a68be7bef608822063ff8b9a6362c5001a2a4c82b"},
    {file = "rtoml-0.9.0-cp311-cp311-manylinux_2_24_armv7l.whl", hash = "sha256:9eb42c8af0300c0e3c11057a7ace894247f3f9d265b10bedde72e1008bf09634"},
    {file = "rtoml-0.9.0-cp311-cp311-manylinux_2_5_i686.manylinux1_i686.whl", hash = "sha256:604782f36701d8b7df9b7f928e054e2a62dde828860e828377b2c8db550afb28"},
    {file = "rtoml-0.9.0-cp311-cp311-musllinux_1_1_aarch64.whl", hash = "sha256:13dc836d84fe987ddc00b6ec8683002eb53ffa59dc13d5a9ef51a1409539bea7"},
    {file = "rtoml-0.9.0-cp311-cp311-musllinux_1_1_x86_64.whl", hash = "sha256:2f4e7841ab7cbdfaa15cbc5f0b049b154a68644fa39fc27a1f72a0dc23012e40"},
    {file = "rtoml-0.9.0-cp311-none-win32.whl", hash = "sha256:9ca09643e9ffdebcbb27a095ffca86e32c3fb0a63c8788c5d40890065962eb65"},
    {file = "rtoml-0.9.0-cp311-none-win_amd64.whl", hash = "sha256:5c91c99f5646e81c677133b3740a8e6b25cbe6fbf33fefd749c85e031f7716b9"},
    {file = "rtoml-0.9.0-cp37-cp37m-macosx_10_7_x86_64.whl", hash = "sha256:9c3f0b1b6c70e7d9ef29b3b2412412f2be10b333da3aeac74c6f69961b955272"},
    {file = "rtoml-0.9.0-cp37-cp37m-macosx_11_0_arm64.whl", hash = "sha256:37c7d3903d818b2770f2ad424b1aee3c47533f1cdccb037b2a51e47a89d2de30"},
    {file = "rtoml-0.9.0-cp37-cp37m-manylinux_2_17_aarch64.manylinux2014_aarch64.whl", hash = "sha256:4a79400cde1a6d75e6f36498a3b6d86b6713bf757989ab304c1c3e6a610d0665"},
    {file = "rtoml-0.9.0-cp37-cp37m-manylinux_2_17_x86_64.manylinux2014_x86_64.whl", hash = "sha256:bb48915dc12f18dd680772f5c1f248197945ce639ca4a0897ee01878ada65411"},
    {file = "rtoml-0.9.0-cp37-cp37m-manylinux_2_24_armv7l.whl", hash = "sha256:cccac32cf08749fcf9e905e41c8cb58348fa4110459b09f49245a40553514871"},
    {file = "rtoml-0.9.0-cp37-cp37m-manylinux_2_5_i686.manylinux1_i686.whl", hash = "sha256:ba96ee3afbc2cdfe90833f9f7d789aef7d9be1911ec0cd748c786c0b8cda0b98"},
    {file = "rtoml-0.9.0-cp37-cp37m-musllinux_1_1_aarch64.whl", hash = "sha256:a78d504d0d6598655f5d01eabe2df6d458ff2f9463a3c6f85a3e96a57cb61631"},
    {file = "rtoml-0.9.0-cp37-cp37m-musllinux_1_1_x86_64.whl", hash = "sha256:e68c3a7a7388ae2dd586e3a20474908bc889fbe77809f06d46eec37c0c4b96ff"},
    {file = "rtoml-0.9.0-cp37-none-win32.whl", hash = "sha256:9fc3652e963150ace043c6797b5053c8a03341c1bd813c6d9ad7403bfa5d1138"},
    {file = "rtoml-0.9.0-cp37-none-win_amd64.whl", hash = "sha256:13ff304eb8e9be8702f8f9c7c561e5ebffcbb4e830d4ae3f2f9471d1c8a656fa"},
    {file = "rtoml-0.9.0-cp38-cp38-macosx_10_7_x86_64.whl", hash = "sha256:b99ec14d5bd8fc62a94acf1ce328d11cda1934f736d40baefdbb212333f25250"},
    {file = "rtoml-0.9.0-cp38-cp38-macosx_11_0_arm64.whl", hash = "sha256:dc02f77bc81d1ade12bd983d46a1aa1ed4bc10418de0ac81267928b49f73cc9b"},
    {file = "rtoml-0.9.0-cp38-cp38-manylinux_2_17_aarch64.manylinux2014_aarch64.whl", hash = "sha256:ba38c4efcf639ec5df271c6debd6953a53be62087fff48bd7cd239553e01d66a"},
    {file = "rtoml-0.9.0-cp38-cp38-manylinux_2_17_x86_64.manylinux2014_x86_64.whl", hash = "sha256:e1f2c8aa5c07c1b8886e27d34332e5be7e3b658d6a8d5f55227ff1e4014ac87f"},
    {file = "rtoml-0.9.0-cp38-cp38-manylinux_2_24_armv7l.whl", hash = "sha256:3b02257049dac81b0a7e333e7c35477939c016b39b444f849473650dd7c52410"},
    {file = "rtoml-0.9.0-cp38-cp38-manylinux_2_5_i686.manylinux1_i686.whl", hash = "sha256:d6a95c1dcdb0dbb340fc67b35ef86a07f01ef4842d6bbcb883dcfefef87ac106"},
    {file = "rtoml-0.9.0-cp38-cp38-musllinux_1_1_aarch64.whl", hash = "sha256:449701954ded52d885ac2f9f79b503c5aa1e2c6e7f0f6100ad4f46262c82dd66"},
    {file = "rtoml-0.9.0-cp38-cp38-musllinux_1_1_x86_64.whl", hash = "sha256:9591699c1231dd9e615ec1b27933f1a4d8b8f57841e62d1f2aa109150da941ea"},
    {file = "rtoml-0.9.0-cp38-none-win32.whl", hash = "sha256:352fb220615c0904d77bf719c7f7e066dcf5a10ba118dc6cea8809424f858dad"},
    {file = "rtoml-0.9.0-cp38-none-win_amd64.whl", hash = "sha256:f780f90e3305b5e961dcc8f00c0d3bfa023d7626d64e8fa15c91f9ed6be6d10a"},
    {file = "rtoml-0.9.0-cp39-cp39-macosx_10_7_x86_64.whl", hash = "sha256:39e377e075af4f33a1c60cafdedcb02d7a4d7bf241e6c0bf76998c10ffc8222a"},
    {file = "rtoml-0.9.0-cp39-cp39-macosx_11_0_arm64.whl", hash = "sha256:afead84d80f835a5d6194faf1cdae9ebee092dac68f25a69a8fecc0dc26d1720"},
    {file = "rtoml-0.9.0-cp39-cp39-manylinux_2_17_aarch64.manylinux2014_aarch64.whl", hash = "sha256:2c3973f1d22450d5eb3abad65f9c30167c8f6ce475615a9a6364903476b68b56"},
    {file = "rtoml-0.9.0-cp39-cp39-manylinux_2_17_x86_64.manylinux2014_x86_64.whl", hash = "sha256:7ea08ba5fc9a03a50e1e783266ff5b84fc81b3af5bf77cb5f190b5a516b53810"},
    {file = "rtoml-0.9.0-cp39-cp39-manylinux_2_24_armv7l.whl", hash = "sha256:ada33f7fc46b24f20e0219b659f3de15c09ea7209657e43770e2f5f0e95ab6ec"},
    {file = "rtoml-0.9.0-cp39-cp39-manylinux_2_5_i686.manylinux1_i686.whl", hash = "sha256:f4cba47bf407642214a4aea349e91699ea67c6c07ebfa4412a2383837d295ccc"},
    {file = "rtoml-0.9.0-cp39-cp39-musllinux_1_1_aarch64.whl", hash = "sha256:9f1ab9638aba4027e7cf007dd7f5d497b1bd6b643a7c24bbc09bba76843fa779"},
    {file = "rtoml-0.9.0-cp39-cp39-musllinux_1_1_x86_64.whl", hash = "sha256:b43f61df97a74a4ebc216d9fdcefb1c631bfa98265655fcc0950fbe206054e8b"},
    {file = "rtoml-0.9.0-cp39-none-win32.whl", hash = "sha256:0eea8963824eb4be5d41c11a2e5dd51c6149f5274f015012f53dd82bf146a16b"},
    {file = "rtoml-0.9.0-cp39-none-win_amd64.whl", hash = "sha256:c539af5d88056a4d53a1f9067fee97bf6015edbb8e82fbde6ba96e19a1b41645"},
    {file = "rtoml-0.9.0.tar.gz", hash = "sha256:113f2e133d152d9424269c475b4a7d0679987078b543e88fcb16c870dc2c460d"},
]
sniffio = [
    {file = "sniffio-1.3.0-py3-none-any.whl", hash = "sha256:eecefdce1e5bbfb7ad2eeaabf7c1eeb404d7757c379bd1f7e5cce9d8bf425384"},
    {file = "sniffio-1.3.0.tar.gz", hash = "sha256:e60305c5e5d314f5389259b7f22aaa33d8f7dee49763119234af3755c55b9101"},
]
starlette = [
    {file = "starlette-0.22.0-py3-none-any.whl", hash = "sha256:b5eda991ad5f0ee5d8ce4c4540202a573bb6691ecd0c712262d0bc85cf8f2c50"},
    {file = "starlette-0.22.0.tar.gz", hash = "sha256:b092cbc365bea34dd6840b42861bdabb2f507f8671e642e8272d2442e08ea4ff"},
]
typing-extensions = [
    {file = "typing_extensions-4.4.0-py3-none-any.whl", hash = "sha256:16fa4864408f655d35ec496218b85f79b3437c829e93320c7c9215ccfd92489e"},
    {file = "typing_extensions-4.4.0.tar.gz", hash = "sha256:1511434bb92bf8dd198c12b1cc812e800d4181cfcb867674e0f8279cc93087aa"},
]
